
Microsoft Visual Studio Solution File, Format Version 12.00
# Visual Studio Version 17
VisualStudioVersion = 17.11.35222.181
MinimumVisualStudioVersion = 10.0.40219.1
Project("{FAE04EC0-301F-11D3-BF4B-00C04F79EFBC}") = "PapayagramsServer", "PapayagramsServer\PapayagramsServer.csproj", "{81A2241C-462D-47FD-8A31-F2AA2611DB0D}"
EndProject
Project("{FAE04EC0-301F-11D3-BF4B-00C04F79EFBC}") = "Contracts", "Contracts\Contracts.csproj", "{4D29DBA0-353A-4C4B-A438-7FEEF958D621}"
EndProject
Project("{FAE04EC0-301F-11D3-BF4B-00C04F79EFBC}") = "DataAccess", "DataAccess\DataAccess.csproj", "{2CCA7D4F-8FAF-442C-BE9A-06859735FC92}"
EndProject
Project("{FAE04EC0-301F-11D3-BF4B-00C04F79EFBC}") = "BussinessLogic", "BussinessLogic\BussinessLogic.csproj", "{C72D3471-500C-45E7-BF83-744CEAA44BCE}"
EndProject
Project("{FAE04EC0-301F-11D3-BF4B-00C04F79EFBC}") = "DomainClasses", "DomainClasses\DomainClasses.csproj", "{6E3FB959-FD63-443A-9148-889C4AD1CE2D}"
EndProject
Project("{FAE04EC0-301F-11D3-BF4B-00C04F79EFBC}") = "Tests", "Tests\Tests.csproj", "{59204218-31CA-4BA9-A00D-50E3D6837F58}"
EndProject
Global
	GlobalSection(SolutionConfigurationPlatforms) = preSolution
		Debug|Any CPU = Debug|Any CPU
		Release|Any CPU = Release|Any CPU
	EndGlobalSection
	GlobalSection(ProjectConfigurationPlatforms) = postSolution
		{81A2241C-462D-47FD-8A31-F2AA2611DB0D}.Debug|Any CPU.ActiveCfg = Debug|Any CPU
		{81A2241C-462D-47FD-8A31-F2AA2611DB0D}.Debug|Any CPU.Build.0 = Debug|Any CPU
		{81A2241C-462D-47FD-8A31-F2AA2611DB0D}.Release|Any CPU.ActiveCfg = Release|Any CPU
		{81A2241C-462D-47FD-8A31-F2AA2611DB0D}.Release|Any CPU.Build.0 = Release|Any CPU
		{4D29DBA0-353A-4C4B-A438-7FEEF958D621}.Debug|Any CPU.ActiveCfg = Debug|Any CPU
		{4D29DBA0-353A-4C4B-A438-7FEEF958D621}.Debug|Any CPU.Build.0 = Debug|Any CPU
		{4D29DBA0-353A-4C4B-A438-7FEEF958D621}.Release|Any CPU.ActiveCfg = Release|Any CPU
		{4D29DBA0-353A-4C4B-A438-7FEEF958D621}.Release|Any CPU.Build.0 = Release|Any CPU
		{2CCA7D4F-8FAF-442C-BE9A-06859735FC92}.Debug|Any CPU.ActiveCfg = Debug|Any CPU
		{2CCA7D4F-8FAF-442C-BE9A-06859735FC92}.Debug|Any CPU.Build.0 = Debug|Any CPU
		{2CCA7D4F-8FAF-442C-BE9A-06859735FC92}.Release|Any CPU.ActiveCfg = Release|Any CPU
		{2CCA7D4F-8FAF-442C-BE9A-06859735FC92}.Release|Any CPU.Build.0 = Release|Any CPU
		{C72D3471-500C-45E7-BF83-744CEAA44BCE}.Debug|Any CPU.ActiveCfg = Debug|Any CPU
		{C72D3471-500C-45E7-BF83-744CEAA44BCE}.Debug|Any CPU.Build.0 = Debug|Any CPU
		{C72D3471-500C-45E7-BF83-744CEAA44BCE}.Release|Any CPU.ActiveCfg = Release|Any CPU
		{C72D3471-500C-45E7-BF83-744CEAA44BCE}.Release|Any CPU.Build.0 = Release|Any CPU
		{6E3FB959-FD63-443A-9148-889C4AD1CE2D}.Debug|Any CPU.ActiveCfg = Debug|Any CPU
		{6E3FB959-FD63-443A-9148-889C4AD1CE2D}.Debug|Any CPU.Build.0 = Debug|Any CPU
		{6E3FB959-FD63-443A-9148-889C4AD1CE2D}.Release|Any CPU.ActiveCfg = Release|Any CPU
		{6E3FB959-FD63-443A-9148-889C4AD1CE2D}.Release|Any CPU.Build.0 = Release|Any CPU
		{59204218-31CA-4BA9-A00D-50E3D6837F58}.Debug|Any CPU.ActiveCfg = Debug|Any CPU
		{59204218-31CA-4BA9-A00D-50E3D6837F58}.Debug|Any CPU.Build.0 = Debug|Any CPU
		{59204218-31CA-4BA9-A00D-50E3D6837F58}.Release|Any CPU.ActiveCfg = Release|Any CPU
		{59204218-31CA-4BA9-A00D-50E3D6837F58}.Release|Any CPU.Build.0 = Release|Any CPU
	EndGlobalSection
	GlobalSection(SolutionProperties) = preSolution
		HideSolutionNode = FALSE
	EndGlobalSection
	GlobalSection(ExtensibilityGlobals) = postSolution
		SolutionGuid = {EF9CBA8B-CBEA-4B52-89E9-D8F897062AD2}
	EndGlobalSection
EndGlobal
