
Microsoft Visual Studio Solution File, Format Version 12.00
# Visual Studio Version 17
VisualStudioVersion = 17.11.35222.181
MinimumVisualStudioVersion = 10.0.40219.1
Project("{FAE04EC0-301F-11D3-BF4B-00C04F79EFBC}") = "PapayagramsClient", "PapayagramsClient\PapayagramsClient.csproj", "{8586251E-70CB-470D-B805-5AF0D886F614}"
EndProject
Global
	GlobalSection(SolutionConfigurationPlatforms) = preSolution
		Debug|Any CPU = Debug|Any CPU
		Release|Any CPU = Release|Any CPU
	EndGlobalSection
	GlobalSection(ProjectConfigurationPlatforms) = postSolution
		{8586251E-70CB-470D-B805-5AF0D886F614}.Debug|Any CPU.ActiveCfg = Debug|Any CPU
		{8586251E-70CB-470D-B805-5AF0D886F614}.Debug|Any CPU.Build.0 = Debug|Any CPU
		{8586251E-70CB-470D-B805-5AF0D886F614}.Release|Any CPU.ActiveCfg = Release|Any CPU
		{8586251E-70CB-470D-B805-5AF0D886F614}.Release|Any CPU.Build.0 = Release|Any CPU
	EndGlobalSection
	GlobalSection(SolutionProperties) = preSolution
		HideSolutionNode = FALSE
	EndGlobalSection
	GlobalSection(ExtensibilityGlobals) = postSolution
		SolutionGuid = {281A5270-4CF5-40D8-BC39-D005F244E29C}
	EndGlobalSection
EndGlobal
